{
  "name": "hw2",
  "version": "1.0.0",
  "lockfileVersion": 3,
  "requires": true,
  "packages": {
    "": {
      "name": "hw2",
      "version": "1.0.0",
      "license": "ISC",
      "dependencies": {
        "whatcanido2024": "^2.1.1"
      }
    },
    "node_modules/whatcanido2024": {
      "version": "2.1.1",
      "resolved": "https://registry.npmjs.org/whatcanido2024/-/whatcanido2024-2.1.1.tgz",
      "integrity": "sha512-k5V/FOBFm107S05CA6bg6V6+t9DVK+TLhCsJw5WxMEQd+DRK1oArAChI2rjRif0PGLowWQGXP8RYqPB04saNjw=="
    }
  }
}
